
Microsoft Visual Studio Solution File, Format Version 12.00
# Visual Studio 14
VisualStudioVersion = 14.0.24720.0
MinimumVisualStudioVersion = 10.0.40219.1
Project("{FAE04EC0-301F-11D3-BF4B-00C04F79EFBC}") = "Labration6Demo", "Labration6Demo\Labration6Demo.csproj", "{78A6C283-638A-4C86-9424-8BDE3EFCC5EF}"
EndProject
Project("{FAE04EC0-301F-11D3-BF4B-00C04F79EFBC}") = "Laboration6", "Laboration6\Laboration6.csproj", "{182BA3C3-C612-4684-85E9-17A27D38F6D6}"
EndProject
Project("{FAE04EC0-301F-11D3-BF4B-00C04F79EFBC}") = "lab6v3.1", "lab6v3.1\lab6v3.1.csproj", "{A51E2B7F-FB35-4F38-A6D3-3E9C91D390D7}"
EndProject
Project("{FAE04EC0-301F-11D3-BF4B-00C04F79EFBC}") = "TypeScriptsDemo", "TypeScriptsDemo\TypeScriptsDemo.csproj", "{15420547-4186-427E-8549-E45BF77A1979}"
EndProject
Project("{FAE04EC0-301F-11D3-BF4B-00C04F79EFBC}") = "Laboration7", "Laboration7\Laboration7.csproj", "{929585EB-62E3-4FA2-93F4-00C898F42A54}"
EndProject
Global
	GlobalSection(SolutionConfigurationPlatforms) = preSolution
		Debug|Any CPU = Debug|Any CPU
		Release|Any CPU = Release|Any CPU
	EndGlobalSection
	GlobalSection(ProjectConfigurationPlatforms) = postSolution
		{78A6C283-638A-4C86-9424-8BDE3EFCC5EF}.Debug|Any CPU.ActiveCfg = Debug|Any CPU
		{78A6C283-638A-4C86-9424-8BDE3EFCC5EF}.Debug|Any CPU.Build.0 = Debug|Any CPU
		{78A6C283-638A-4C86-9424-8BDE3EFCC5EF}.Release|Any CPU.ActiveCfg = Release|Any CPU
		{78A6C283-638A-4C86-9424-8BDE3EFCC5EF}.Release|Any CPU.Build.0 = Release|Any CPU
		{182BA3C3-C612-4684-85E9-17A27D38F6D6}.Debug|Any CPU.ActiveCfg = Debug|Any CPU
		{182BA3C3-C612-4684-85E9-17A27D38F6D6}.Debug|Any CPU.Build.0 = Debug|Any CPU
		{182BA3C3-C612-4684-85E9-17A27D38F6D6}.Release|Any CPU.ActiveCfg = Release|Any CPU
		{182BA3C3-C612-4684-85E9-17A27D38F6D6}.Release|Any CPU.Build.0 = Release|Any CPU
		{A51E2B7F-FB35-4F38-A6D3-3E9C91D390D7}.Debug|Any CPU.ActiveCfg = Debug|Any CPU
		{A51E2B7F-FB35-4F38-A6D3-3E9C91D390D7}.Debug|Any CPU.Build.0 = Debug|Any CPU
		{A51E2B7F-FB35-4F38-A6D3-3E9C91D390D7}.Release|Any CPU.ActiveCfg = Release|Any CPU
		{A51E2B7F-FB35-4F38-A6D3-3E9C91D390D7}.Release|Any CPU.Build.0 = Release|Any CPU
		{15420547-4186-427E-8549-E45BF77A1979}.Debug|Any CPU.ActiveCfg = Debug|Any CPU
		{15420547-4186-427E-8549-E45BF77A1979}.Debug|Any CPU.Build.0 = Debug|Any CPU
		{15420547-4186-427E-8549-E45BF77A1979}.Release|Any CPU.ActiveCfg = Release|Any CPU
		{15420547-4186-427E-8549-E45BF77A1979}.Release|Any CPU.Build.0 = Release|Any CPU
		{929585EB-62E3-4FA2-93F4-00C898F42A54}.Debug|Any CPU.ActiveCfg = Debug|Any CPU
		{929585EB-62E3-4FA2-93F4-00C898F42A54}.Debug|Any CPU.Build.0 = Debug|Any CPU
		{929585EB-62E3-4FA2-93F4-00C898F42A54}.Release|Any CPU.ActiveCfg = Release|Any CPU
		{929585EB-62E3-4FA2-93F4-00C898F42A54}.Release|Any CPU.Build.0 = Release|Any CPU
	EndGlobalSection
	GlobalSection(SolutionProperties) = preSolution
		HideSolutionNode = FALSE
	EndGlobalSection
EndGlobal
