
Microsoft Visual Studio Solution File, Format Version 12.00
# Visual Studio 14
VisualStudioVersion = 14.0.24720.0
MinimumVisualStudioVersion = 10.0.40219.1
Project("{FAE04EC0-301F-11D3-BF4B-00C04F79EFBC}") = "MVC_Peoject", "MVC_Peoject\MVC_Peoject.csproj", "{79BF7CD2-E876-4ADA-9769-C8E7F7528A45}"
EndProject
Project("{FAE04EC0-301F-11D3-BF4B-00C04F79EFBC}") = "MvcProjektData", "MvcProjektData\MvcProjektData.csproj", "{62B59D81-E3FD-4DEE-9C47-E5A246988E2B}"
EndProject
Global
	GlobalSection(SolutionConfigurationPlatforms) = preSolution
		Debug|Any CPU = Debug|Any CPU
		Release|Any CPU = Release|Any CPU
	EndGlobalSection
	GlobalSection(ProjectConfigurationPlatforms) = postSolution
		{79BF7CD2-E876-4ADA-9769-C8E7F7528A45}.Debug|Any CPU.ActiveCfg = Debug|Any CPU
		{79BF7CD2-E876-4ADA-9769-C8E7F7528A45}.Debug|Any CPU.Build.0 = Debug|Any CPU
		{79BF7CD2-E876-4ADA-9769-C8E7F7528A45}.Release|Any CPU.ActiveCfg = Release|Any CPU
		{79BF7CD2-E876-4ADA-9769-C8E7F7528A45}.Release|Any CPU.Build.0 = Release|Any CPU
		{62B59D81-E3FD-4DEE-9C47-E5A246988E2B}.Debug|Any CPU.ActiveCfg = Debug|Any CPU
		{62B59D81-E3FD-4DEE-9C47-E5A246988E2B}.Debug|Any CPU.Build.0 = Debug|Any CPU
		{62B59D81-E3FD-4DEE-9C47-E5A246988E2B}.Release|Any CPU.ActiveCfg = Release|Any CPU
		{62B59D81-E3FD-4DEE-9C47-E5A246988E2B}.Release|Any CPU.Build.0 = Release|Any CPU
	EndGlobalSection
	GlobalSection(SolutionProperties) = preSolution
		HideSolutionNode = FALSE
	EndGlobalSection
EndGlobal
